{
  "_meta": {
    "pipfile-spec": 6,
    "requires": {
      "python_version": "3.11"
    },
    "sources": [
      {
        "url": "https://pypi.org/simple",
        "verify_ssl": true,
        "name": "pypi"
      }
    ]
  },
  "default": {
    "flask": {
      "version": "==2.2.5",
      "markers": null,
      "extras": [],
      "hashes": [
        "sha256:8f3f3f8f6b6a5b1d2c4e3f7a8b9c0d1e2f3a4b5c6d7e8f9a0b1c2d3e4f5a6b7"
      ]
    }
  },
  "develop": {}
}
